
Microsoft Visual Studio Solution File, Format Version 12.00
# Visual Studio Version 16
VisualStudioVersion = 16.0.30621.155
MinimumVisualStudioVersion = 10.0.40219.1
Project("{9A19103F-16F7-4668-BE54-9A1E7A4F7556}") = "NewYorkTaxi", "NewYorkTaxi\NewYorkTaxi.csproj", "{ABD046C8-DA1E-485E-9E7F-41173A0BD2F3}"
EndProject
Project("{9A19103F-16F7-4668-BE54-9A1E7A4F7556}") = "TaxiDataViewer", "WebApplication1\TaxiDataViewer.csproj", "{12D8EF70-FDE3-4A8B-87E2-37B9D77FD88A}"
EndProject
Global
	GlobalSection(SolutionConfigurationPlatforms) = preSolution
		Debug|Any CPU = Debug|Any CPU
		Release|Any CPU = Release|Any CPU
	EndGlobalSection
	GlobalSection(ProjectConfigurationPlatforms) = postSolution
		{ABD046C8-DA1E-485E-9E7F-41173A0BD2F3}.Debug|Any CPU.ActiveCfg = Debug|Any CPU
		{ABD046C8-DA1E-485E-9E7F-41173A0BD2F3}.Debug|Any CPU.Build.0 = Debug|Any CPU
		{ABD046C8-DA1E-485E-9E7F-41173A0BD2F3}.Release|Any CPU.ActiveCfg = Release|Any CPU
		{ABD046C8-DA1E-485E-9E7F-41173A0BD2F3}.Release|Any CPU.Build.0 = Release|Any CPU
		{12D8EF70-FDE3-4A8B-87E2-37B9D77FD88A}.Debug|Any CPU.ActiveCfg = Debug|Any CPU
		{12D8EF70-FDE3-4A8B-87E2-37B9D77FD88A}.Debug|Any CPU.Build.0 = Debug|Any CPU
		{12D8EF70-FDE3-4A8B-87E2-37B9D77FD88A}.Release|Any CPU.ActiveCfg = Release|Any CPU
		{12D8EF70-FDE3-4A8B-87E2-37B9D77FD88A}.Release|Any CPU.Build.0 = Release|Any CPU
	EndGlobalSection
	GlobalSection(SolutionProperties) = preSolution
		HideSolutionNode = FALSE
	EndGlobalSection
	GlobalSection(ExtensibilityGlobals) = postSolution
		SolutionGuid = {4DBC8EAE-849C-4822-9B1E-68E9D2A3F62B}
	EndGlobalSection
EndGlobal
